
Microsoft Visual Studio Solution File, Format Version 12.00
# Visual Studio Version 17
VisualStudioVersion = 17.6.33815.320
MinimumVisualStudioVersion = 10.0.40219.1
Project("{FAE04EC0-301F-11D3-BF4B-00C04F79EFBC}") = "ColorSwitcher.Android", "ColorSwitcher\ColorSwitcher.Android\ColorSwitcher.Android.csproj", "{4EBF5A48-B6FA-4D88-BA1C-A16D63496309}"
EndProject
Project("{FAE04EC0-301F-11D3-BF4B-00C04F79EFBC}") = "ColorSwitcher.iOS", "ColorSwitcher\ColorSwitcher.iOS\ColorSwitcher.iOS.csproj", "{D9AF3EA5-EFF6-4B5E-A359-5BF94C94EBA2}"
EndProject
Project("{9A19103F-16F7-4668-BE54-9A1E7A4F7556}") = "ColorSwitcher", "ColorSwitcher\ColorSwitcher\ColorSwitcher.csproj", "{C5F85A90-5ADD-4DF2-B289-F43BD7D6CC5D}"
EndProject
Project("{2150E333-8FDC-42A3-9474-1A3956D46DE8}") = "Solution Items", "Solution Items", "{A17EC5CE-9351-4947-920F-56F2CE0C5FCA}"
	ProjectSection(SolutionItems) = preProject
		.gitignore = .gitignore
	EndProjectSection
EndProject
Global
	GlobalSection(SolutionConfigurationPlatforms) = preSolution
		Debug|Any CPU = Debug|Any CPU
		Debug|iPhone = Debug|iPhone
		Debug|iPhoneSimulator = Debug|iPhoneSimulator
		Release|Any CPU = Release|Any CPU
		Release|iPhone = Release|iPhone
		Release|iPhoneSimulator = Release|iPhoneSimulator
	EndGlobalSection
	GlobalSection(ProjectConfigurationPlatforms) = postSolution
		{4EBF5A48-B6FA-4D88-BA1C-A16D63496309}.Debug|Any CPU.ActiveCfg = Debug|Any CPU
		{4EBF5A48-B6FA-4D88-BA1C-A16D63496309}.Debug|Any CPU.Build.0 = Debug|Any CPU
		{4EBF5A48-B6FA-4D88-BA1C-A16D63496309}.Debug|Any CPU.Deploy.0 = Debug|Any CPU
		{4EBF5A48-B6FA-4D88-BA1C-A16D63496309}.Debug|iPhone.ActiveCfg = Debug|Any CPU
		{4EBF5A48-B6FA-4D88-BA1C-A16D63496309}.Debug|iPhone.Build.0 = Debug|Any CPU
		{4EBF5A48-B6FA-4D88-BA1C-A16D63496309}.Debug|iPhone.Deploy.0 = Debug|Any CPU
		{4EBF5A48-B6FA-4D88-BA1C-A16D63496309}.Debug|iPhoneSimulator.ActiveCfg = Debug|Any CPU
		{4EBF5A48-B6FA-4D88-BA1C-A16D63496309}.Debug|iPhoneSimulator.Build.0 = Debug|Any CPU
		{4EBF5A48-B6FA-4D88-BA1C-A16D63496309}.Debug|iPhoneSimulator.Deploy.0 = Debug|Any CPU
		{4EBF5A48-B6FA-4D88-BA1C-A16D63496309}.Release|Any CPU.ActiveCfg = Release|Any CPU
		{4EBF5A48-B6FA-4D88-BA1C-A16D63496309}.Release|Any CPU.Build.0 = Release|Any CPU
		{4EBF5A48-B6FA-4D88-BA1C-A16D63496309}.Release|Any CPU.Deploy.0 = Release|Any CPU
		{4EBF5A48-B6FA-4D88-BA1C-A16D63496309}.Release|iPhone.ActiveCfg = Release|Any CPU
		{4EBF5A48-B6FA-4D88-BA1C-A16D63496309}.Release|iPhone.Build.0 = Release|Any CPU
		{4EBF5A48-B6FA-4D88-BA1C-A16D63496309}.Release|iPhone.Deploy.0 = Release|Any CPU
		{4EBF5A48-B6FA-4D88-BA1C-A16D63496309}.Release|iPhoneSimulator.ActiveCfg = Release|Any CPU
		{4EBF5A48-B6FA-4D88-BA1C-A16D63496309}.Release|iPhoneSimulator.Build.0 = Release|Any CPU
		{4EBF5A48-B6FA-4D88-BA1C-A16D63496309}.Release|iPhoneSimulator.Deploy.0 = Release|Any CPU
		{D9AF3EA5-EFF6-4B5E-A359-5BF94C94EBA2}.Debug|Any CPU.ActiveCfg = Debug|iPhone
		{D9AF3EA5-EFF6-4B5E-A359-5BF94C94EBA2}.Debug|Any CPU.Build.0 = Debug|iPhone
		{D9AF3EA5-EFF6-4B5E-A359-5BF94C94EBA2}.Debug|Any CPU.Deploy.0 = Debug|iPhone
		{D9AF3EA5-EFF6-4B5E-A359-5BF94C94EBA2}.Debug|iPhone.ActiveCfg = Debug|iPhone
		{D9AF3EA5-EFF6-4B5E-A359-5BF94C94EBA2}.Debug|iPhone.Build.0 = Debug|iPhone
		{D9AF3EA5-EFF6-4B5E-A359-5BF94C94EBA2}.Debug|iPhone.Deploy.0 = Debug|iPhone
		{D9AF3EA5-EFF6-4B5E-A359-5BF94C94EBA2}.Debug|iPhoneSimulator.ActiveCfg = Debug|iPhoneSimulator
		{D9AF3EA5-EFF6-4B5E-A359-5BF94C94EBA2}.Debug|iPhoneSimulator.Build.0 = Debug|iPhoneSimulator
		{D9AF3EA5-EFF6-4B5E-A359-5BF94C94EBA2}.Debug|iPhoneSimulator.Deploy.0 = Debug|iPhoneSimulator
		{D9AF3EA5-EFF6-4B5E-A359-5BF94C94EBA2}.Release|Any CPU.ActiveCfg = Release|iPhoneSimulator
		{D9AF3EA5-EFF6-4B5E-A359-5BF94C94EBA2}.Release|Any CPU.Build.0 = Release|iPhoneSimulator
		{D9AF3EA5-EFF6-4B5E-A359-5BF94C94EBA2}.Release|Any CPU.Deploy.0 = Release|iPhoneSimulator
		{D9AF3EA5-EFF6-4B5E-A359-5BF94C94EBA2}.Release|iPhone.ActiveCfg = Release|iPhone
		{D9AF3EA5-EFF6-4B5E-A359-5BF94C94EBA2}.Release|iPhone.Build.0 = Release|iPhone
		{D9AF3EA5-EFF6-4B5E-A359-5BF94C94EBA2}.Release|iPhone.Deploy.0 = Release|iPhone
		{D9AF3EA5-EFF6-4B5E-A359-5BF94C94EBA2}.Release|iPhoneSimulator.ActiveCfg = Release|iPhoneSimulator
		{D9AF3EA5-EFF6-4B5E-A359-5BF94C94EBA2}.Release|iPhoneSimulator.Build.0 = Release|iPhoneSimulator
		{D9AF3EA5-EFF6-4B5E-A359-5BF94C94EBA2}.Release|iPhoneSimulator.Deploy.0 = Release|iPhoneSimulator
		{C5F85A90-5ADD-4DF2-B289-F43BD7D6CC5D}.Debug|Any CPU.ActiveCfg = Debug|Any CPU
		{C5F85A90-5ADD-4DF2-B289-F43BD7D6CC5D}.Debug|Any CPU.Build.0 = Debug|Any CPU
		{C5F85A90-5ADD-4DF2-B289-F43BD7D6CC5D}.Debug|Any CPU.Deploy.0 = Debug|Any CPU
		{C5F85A90-5ADD-4DF2-B289-F43BD7D6CC5D}.Debug|iPhone.ActiveCfg = Debug|Any CPU
		{C5F85A90-5ADD-4DF2-B289-F43BD7D6CC5D}.Debug|iPhone.Build.0 = Debug|Any CPU
		{C5F85A90-5ADD-4DF2-B289-F43BD7D6CC5D}.Debug|iPhone.Deploy.0 = Debug|Any CPU
		{C5F85A90-5ADD-4DF2-B289-F43BD7D6CC5D}.Debug|iPhoneSimulator.ActiveCfg = Debug|Any CPU
		{C5F85A90-5ADD-4DF2-B289-F43BD7D6CC5D}.Debug|iPhoneSimulator.Build.0 = Debug|Any CPU
		{C5F85A90-5ADD-4DF2-B289-F43BD7D6CC5D}.Debug|iPhoneSimulator.Deploy.0 = Debug|Any CPU
		{C5F85A90-5ADD-4DF2-B289-F43BD7D6CC5D}.Release|Any CPU.ActiveCfg = Release|Any CPU
		{C5F85A90-5ADD-4DF2-B289-F43BD7D6CC5D}.Release|Any CPU.Build.0 = Release|Any CPU
		{C5F85A90-5ADD-4DF2-B289-F43BD7D6CC5D}.Release|Any CPU.Deploy.0 = Release|Any CPU
		{C5F85A90-5ADD-4DF2-B289-F43BD7D6CC5D}.Release|iPhone.ActiveCfg = Release|Any CPU
		{C5F85A90-5ADD-4DF2-B289-F43BD7D6CC5D}.Release|iPhone.Build.0 = Release|Any CPU
		{C5F85A90-5ADD-4DF2-B289-F43BD7D6CC5D}.Release|iPhone.Deploy.0 = Release|Any CPU
		{C5F85A90-5ADD-4DF2-B289-F43BD7D6CC5D}.Release|iPhoneSimulator.ActiveCfg = Release|Any CPU
		{C5F85A90-5ADD-4DF2-B289-F43BD7D6CC5D}.Release|iPhoneSimulator.Build.0 = Release|Any CPU
		{C5F85A90-5ADD-4DF2-B289-F43BD7D6CC5D}.Release|iPhoneSimulator.Deploy.0 = Release|Any CPU
	EndGlobalSection
	GlobalSection(SolutionProperties) = preSolution
		HideSolutionNode = FALSE
	EndGlobalSection
	GlobalSection(ExtensibilityGlobals) = postSolution
		SolutionGuid = {88BFE056-4C9D-44C1-AD00-D3CEA1972B76}
	EndGlobalSection
EndGlobal
